
Microsoft Visual Studio Solution File, Format Version 12.00
# Visual Studio Version 17
VisualStudioVersion = 17.14.36221.1 d17.14
MinimumVisualStudioVersion = 10.0.40219.1
Project("{8BC9CEB8-8B4A-11D0-8D11-00A0C91BC942}") = "ConsoleApplication29", "ConsoleApplication29.vcxproj", "{82F7BE46-EC5B-41CB-AD27-5FA376024841}"
EndProject
Global
	GlobalSection(SolutionConfigurationPlatforms) = preSolution
		Debug|x64 = Debug|x64
		Debug|x86 = Debug|x86
		Release|x64 = Release|x64
		Release|x86 = Release|x86
	EndGlobalSection
	GlobalSection(ProjectConfigurationPlatforms) = postSolution
		{82F7BE46-EC5B-41CB-AD27-5FA376024841}.Debug|x64.ActiveCfg = Debug|x64
		{82F7BE46-EC5B-41CB-AD27-5FA376024841}.Debug|x64.Build.0 = Debug|x64
		{82F7BE46-EC5B-41CB-AD27-5FA376024841}.Debug|x86.ActiveCfg = Debug|Win32
		{82F7BE46-EC5B-41CB-AD27-5FA376024841}.Debug|x86.Build.0 = Debug|Win32
		{82F7BE46-EC5B-41CB-AD27-5FA376024841}.Release|x64.ActiveCfg = Release|x64
		{82F7BE46-EC5B-41CB-AD27-5FA376024841}.Release|x64.Build.0 = Release|x64
		{82F7BE46-EC5B-41CB-AD27-5FA376024841}.Release|x86.ActiveCfg = Release|Win32
		{82F7BE46-EC5B-41CB-AD27-5FA376024841}.Release|x86.Build.0 = Release|Win32
	EndGlobalSection
	GlobalSection(SolutionProperties) = preSolution
		HideSolutionNode = FALSE
	EndGlobalSection
	GlobalSection(ExtensibilityGlobals) = postSolution
		SolutionGuid = {2245B225-979F-440D-962E-54407D834AEF}
	EndGlobalSection
EndGlobal
