
Microsoft Visual Studio Solution File, Format Version 12.00
# Visual Studio Version 17
VisualStudioVersion = 17.14.36212.18 d17.14
MinimumVisualStudioVersion = 10.0.40219.1
Project("{8BC9CEB8-8B4A-11D0-8D11-00A0C91BC942}") = "ConsoleApplication10", "ConsoleApplication10.vcxproj", "{573C7B1D-496D-41D3-8434-A647DF39744C}"
EndProject
Global
	GlobalSection(SolutionConfigurationPlatforms) = preSolution
		Debug|x64 = Debug|x64
		Debug|x86 = Debug|x86
		Release|x64 = Release|x64
		Release|x86 = Release|x86
	EndGlobalSection
	GlobalSection(ProjectConfigurationPlatforms) = postSolution
		{573C7B1D-496D-41D3-8434-A647DF39744C}.Debug|x64.ActiveCfg = Debug|x64
		{573C7B1D-496D-41D3-8434-A647DF39744C}.Debug|x64.Build.0 = Debug|x64
		{573C7B1D-496D-41D3-8434-A647DF39744C}.Debug|x86.ActiveCfg = Debug|Win32
		{573C7B1D-496D-41D3-8434-A647DF39744C}.Debug|x86.Build.0 = Debug|Win32
		{573C7B1D-496D-41D3-8434-A647DF39744C}.Release|x64.ActiveCfg = Release|x64
		{573C7B1D-496D-41D3-8434-A647DF39744C}.Release|x64.Build.0 = Release|x64
		{573C7B1D-496D-41D3-8434-A647DF39744C}.Release|x86.ActiveCfg = Release|Win32
		{573C7B1D-496D-41D3-8434-A647DF39744C}.Release|x86.Build.0 = Release|Win32
	EndGlobalSection
	GlobalSection(SolutionProperties) = preSolution
		HideSolutionNode = FALSE
	EndGlobalSection
	GlobalSection(ExtensibilityGlobals) = postSolution
		SolutionGuid = {282002FA-3AFE-4EE2-B754-BE4592B9EE0B}
	EndGlobalSection
EndGlobal
