
Microsoft Visual Studio Solution File, Format Version 12.00
# Visual Studio Version 17
VisualStudioVersion = 17.14.36221.1 d17.14
MinimumVisualStudioVersion = 10.0.40219.1
Project("{8BC9CEB8-8B4A-11D0-8D11-00A0C91BC942}") = "PROJECT 1", "PROJECT 1.vcxproj", "{68302DE9-7E70-4BB7-A797-E5ECB2DAACC0}"
EndProject
Global
	GlobalSection(SolutionConfigurationPlatforms) = preSolution
		Debug|x64 = Debug|x64
		Debug|x86 = Debug|x86
		Release|x64 = Release|x64
		Release|x86 = Release|x86
	EndGlobalSection
	GlobalSection(ProjectConfigurationPlatforms) = postSolution
		{68302DE9-7E70-4BB7-A797-E5ECB2DAACC0}.Debug|x64.ActiveCfg = Debug|x64
		{68302DE9-7E70-4BB7-A797-E5ECB2DAACC0}.Debug|x64.Build.0 = Debug|x64
		{68302DE9-7E70-4BB7-A797-E5ECB2DAACC0}.Debug|x86.ActiveCfg = Debug|Win32
		{68302DE9-7E70-4BB7-A797-E5ECB2DAACC0}.Debug|x86.Build.0 = Debug|Win32
		{68302DE9-7E70-4BB7-A797-E5ECB2DAACC0}.Release|x64.ActiveCfg = Release|x64
		{68302DE9-7E70-4BB7-A797-E5ECB2DAACC0}.Release|x64.Build.0 = Release|x64
		{68302DE9-7E70-4BB7-A797-E5ECB2DAACC0}.Release|x86.ActiveCfg = Release|Win32
		{68302DE9-7E70-4BB7-A797-E5ECB2DAACC0}.Release|x86.Build.0 = Release|Win32
	EndGlobalSection
	GlobalSection(SolutionProperties) = preSolution
		HideSolutionNode = FALSE
	EndGlobalSection
	GlobalSection(ExtensibilityGlobals) = postSolution
		SolutionGuid = {9657EEFF-1946-4242-875F-959FE8BC40E7}
	EndGlobalSection
EndGlobal
