
Microsoft Visual Studio Solution File, Format Version 12.00
# Visual Studio Version 17
VisualStudioVersion = 17.14.36221.1 d17.14
MinimumVisualStudioVersion = 10.0.40219.1
Project("{8BC9CEB8-8B4A-11D0-8D11-00A0C91BC942}") = "ConsoleApplication37", "ConsoleApplication37.vcxproj", "{F9706BC9-F24B-458F-B151-64FC24053A51}"
EndProject
Global
	GlobalSection(SolutionConfigurationPlatforms) = preSolution
		Debug|x64 = Debug|x64
		Debug|x86 = Debug|x86
		Release|x64 = Release|x64
		Release|x86 = Release|x86
	EndGlobalSection
	GlobalSection(ProjectConfigurationPlatforms) = postSolution
		{F9706BC9-F24B-458F-B151-64FC24053A51}.Debug|x64.ActiveCfg = Debug|x64
		{F9706BC9-F24B-458F-B151-64FC24053A51}.Debug|x64.Build.0 = Debug|x64
		{F9706BC9-F24B-458F-B151-64FC24053A51}.Debug|x86.ActiveCfg = Debug|Win32
		{F9706BC9-F24B-458F-B151-64FC24053A51}.Debug|x86.Build.0 = Debug|Win32
		{F9706BC9-F24B-458F-B151-64FC24053A51}.Release|x64.ActiveCfg = Release|x64
		{F9706BC9-F24B-458F-B151-64FC24053A51}.Release|x64.Build.0 = Release|x64
		{F9706BC9-F24B-458F-B151-64FC24053A51}.Release|x86.ActiveCfg = Release|Win32
		{F9706BC9-F24B-458F-B151-64FC24053A51}.Release|x86.Build.0 = Release|Win32
	EndGlobalSection
	GlobalSection(SolutionProperties) = preSolution
		HideSolutionNode = FALSE
	EndGlobalSection
	GlobalSection(ExtensibilityGlobals) = postSolution
		SolutionGuid = {AF13C737-583E-4E65-BF07-1EFE7CDD6FFD}
	EndGlobalSection
EndGlobal
