
Microsoft Visual Studio Solution File, Format Version 12.00
# Visual Studio Version 17
VisualStudioVersion = 17.14.36221.1 d17.14
MinimumVisualStudioVersion = 10.0.40219.1
Project("{8BC9CEB8-8B4A-11D0-8D11-00A0C91BC942}") = "ConsoleApplication19", "ConsoleApplication19.vcxproj", "{100697E1-653D-43E9-B47C-A1A1C8029036}"
EndProject
Global
	GlobalSection(SolutionConfigurationPlatforms) = preSolution
		Debug|x64 = Debug|x64
		Debug|x86 = Debug|x86
		Release|x64 = Release|x64
		Release|x86 = Release|x86
	EndGlobalSection
	GlobalSection(ProjectConfigurationPlatforms) = postSolution
		{100697E1-653D-43E9-B47C-A1A1C8029036}.Debug|x64.ActiveCfg = Debug|x64
		{100697E1-653D-43E9-B47C-A1A1C8029036}.Debug|x64.Build.0 = Debug|x64
		{100697E1-653D-43E9-B47C-A1A1C8029036}.Debug|x86.ActiveCfg = Debug|Win32
		{100697E1-653D-43E9-B47C-A1A1C8029036}.Debug|x86.Build.0 = Debug|Win32
		{100697E1-653D-43E9-B47C-A1A1C8029036}.Release|x64.ActiveCfg = Release|x64
		{100697E1-653D-43E9-B47C-A1A1C8029036}.Release|x64.Build.0 = Release|x64
		{100697E1-653D-43E9-B47C-A1A1C8029036}.Release|x86.ActiveCfg = Release|Win32
		{100697E1-653D-43E9-B47C-A1A1C8029036}.Release|x86.Build.0 = Release|Win32
	EndGlobalSection
	GlobalSection(SolutionProperties) = preSolution
		HideSolutionNode = FALSE
	EndGlobalSection
	GlobalSection(ExtensibilityGlobals) = postSolution
		SolutionGuid = {0DCA67C8-155D-4EC4-8E24-1DE1D354242F}
	EndGlobalSection
EndGlobal
